
Microsoft Visual Studio Solution File, Format Version 12.00
# Visual Studio Version 16
VisualStudioVersion = 16.0.33027.164
MinimumVisualStudioVersion = 10.0.40219.1
Project("{FAE04EC0-301F-11D3-BF4B-00C04F79EFBC}") = "SharedLib", "SharedLib.csproj", "{BCBB66C5-7A52-4ED5-8019-AE40B7680B19}"
EndProject
Global
	GlobalSection(SolutionConfigurationPlatforms) = preSolution
		Debug|Any CPU = Debug|Any CPU
		Release|Any CPU = Release|Any CPU
	EndGlobalSection
	GlobalSection(ProjectConfigurationPlatforms) = postSolution
		{BCBB66C5-7A52-4ED5-8019-AE40B7680B19}.Debug|Any CPU.ActiveCfg = Debug|Any CPU
		{BCBB66C5-7A52-4ED5-8019-AE40B7680B19}.Debug|Any CPU.Build.0 = Debug|Any CPU
		{BCBB66C5-7A52-4ED5-8019-AE40B7680B19}.Release|Any CPU.ActiveCfg = Release|Any CPU
		{BCBB66C5-7A52-4ED5-8019-AE40B7680B19}.Release|Any CPU.Build.0 = Release|Any CPU
	EndGlobalSection
	GlobalSection(SolutionProperties) = preSolution
		HideSolutionNode = FALSE
	EndGlobalSection
	GlobalSection(ExtensibilityGlobals) = postSolution
		SolutionGuid = {800558A5-A0E6-40EB-A12B-F4FD308A2174}
	EndGlobalSection
EndGlobal
